
Microsoft Visual Studio Solution File, Format Version 12.00
# Visual Studio Version 17
VisualStudioVersion = 17.11.35222.181
MinimumVisualStudioVersion = 10.0.40219.1
Project("{FAE04EC0-301F-11D3-BF4B-00C04F79EFBC}") = "Ch11Ex02LinqQueries", "Ch11Ex02LinqQueries\Ch11Ex02LinqQueries.csproj", "{6A0C32B3-F785-402C-A255-1A294078AB24}"
EndProject
Global
	GlobalSection(SolutionConfigurationPlatforms) = preSolution
		Debug|Any CPU = Debug|Any CPU
		Release|Any CPU = Release|Any CPU
	EndGlobalSection
	GlobalSection(ProjectConfigurationPlatforms) = postSolution
		{6A0C32B3-F785-402C-A255-1A294078AB24}.Debug|Any CPU.ActiveCfg = Debug|Any CPU
		{6A0C32B3-F785-402C-A255-1A294078AB24}.Debug|Any CPU.Build.0 = Debug|Any CPU
		{6A0C32B3-F785-402C-A255-1A294078AB24}.Release|Any CPU.ActiveCfg = Release|Any CPU
		{6A0C32B3-F785-402C-A255-1A294078AB24}.Release|Any CPU.Build.0 = Release|Any CPU
	EndGlobalSection
	GlobalSection(SolutionProperties) = preSolution
		HideSolutionNode = FALSE
	EndGlobalSection
	GlobalSection(ExtensibilityGlobals) = postSolution
		SolutionGuid = {1D7E47E8-F2CD-4A06-BB60-F7302C7F9725}
	EndGlobalSection
EndGlobal
